
Microsoft Visual Studio Solution File, Format Version 12.00
# Visual Studio Version 16
VisualStudioVersion = 16.0.30406.217
MinimumVisualStudioVersion = 10.0.40219.1
Project("{FAE04EC0-301F-11D3-BF4B-00C04F79EFBC}") = "PromotionEngine", "PromotionEngine\PromotionEngine.csproj", "{5A2A93C9-AD1F-43A7-9472-632EA456ECAC}"
EndProject
Global
	GlobalSection(SolutionConfigurationPlatforms) = preSolution
		Debug|Any CPU = Debug|Any CPU
		Release|Any CPU = Release|Any CPU
	EndGlobalSection
	GlobalSection(ProjectConfigurationPlatforms) = postSolution
		{5A2A93C9-AD1F-43A7-9472-632EA456ECAC}.Debug|Any CPU.ActiveCfg = Debug|Any CPU
		{5A2A93C9-AD1F-43A7-9472-632EA456ECAC}.Debug|Any CPU.Build.0 = Debug|Any CPU
		{5A2A93C9-AD1F-43A7-9472-632EA456ECAC}.Release|Any CPU.ActiveCfg = Release|Any CPU
		{5A2A93C9-AD1F-43A7-9472-632EA456ECAC}.Release|Any CPU.Build.0 = Release|Any CPU
	EndGlobalSection
	GlobalSection(SolutionProperties) = preSolution
		HideSolutionNode = FALSE
	EndGlobalSection
	GlobalSection(ExtensibilityGlobals) = postSolution
		SolutionGuid = {C1F52556-B72B-4C36-A2D2-06B38926487A}
	EndGlobalSection
EndGlobal
